
Microsoft Visual Studio Solution File, Format Version 12.00
# Visual Studio Version 16
VisualStudioVersion = 16.0.30011.22
MinimumVisualStudioVersion = 10.0.40219.1
Project("{FAE04EC0-301F-11D3-BF4B-00C04F79EFBC}") = "TreeAlgorithms", "TreeAlgorithms\TreeAlgorithms.csproj", "{9B82146C-0589-4F17-861A-2BF85EEB039E}"
EndProject
Global
	GlobalSection(SolutionConfigurationPlatforms) = preSolution
		Debug|Any CPU = Debug|Any CPU
		Release|Any CPU = Release|Any CPU
	EndGlobalSection
	GlobalSection(ProjectConfigurationPlatforms) = postSolution
		{9B82146C-0589-4F17-861A-2BF85EEB039E}.Debug|Any CPU.ActiveCfg = Debug|Any CPU
		{9B82146C-0589-4F17-861A-2BF85EEB039E}.Debug|Any CPU.Build.0 = Debug|Any CPU
		{9B82146C-0589-4F17-861A-2BF85EEB039E}.Release|Any CPU.ActiveCfg = Release|Any CPU
		{9B82146C-0589-4F17-861A-2BF85EEB039E}.Release|Any CPU.Build.0 = Release|Any CPU
	EndGlobalSection
	GlobalSection(SolutionProperties) = preSolution
		HideSolutionNode = FALSE
	EndGlobalSection
	GlobalSection(ExtensibilityGlobals) = postSolution
		SolutionGuid = {BB083B88-17F6-4ECC-B96F-4906F2C647EC}
	EndGlobalSection
EndGlobal
